// !$*UTF8*$!
{
	archiveVersion = 1;
	classes = {
	};
	objectVersion = 56;
	objects = {

/* Begin PBXBuildFile section */
		0A2ED4E12BB0C84D000F4B50 /* Consts.swift in Sources */ = {isa = PBXBuildFile; fileRef = 0A2ED4E02BB0C84D000F4B50 /* Consts.swift */; };
		0A3DAC0D2BADCCB400CB4C4F /* CurrencyConverterApp.swift in Sources */ = {isa = PBXBuildFile; fileRef = 0A3DAC0C2BADCCB400CB4C4F /* CurrencyConverterApp.swift */; };
		0A3DAC0F2BADCCB400CB4C4F /* CurrencyConverterView.swift in Sources */ = {isa = PBXBuildFile; fileRef = 0A3DAC0E2BADCCB400CB4C4F /* CurrencyConverterView.swift */; };
		0A3DAC112BADCCB600CB4C4F /* Assets.xcassets in Resources */ = {isa = PBXBuildFile; fileRef = 0A3DAC102BADCCB600CB4C4F /* Assets.xcassets */; };
		0A3DAC142BADCCB600CB4C4F /* Preview Assets.xcassets in Resources */ = {isa = PBXBuildFile; fileRef = 0A3DAC132BADCCB600CB4C4F /* Preview Assets.xcassets */; };
		0A3DAC202BADCE4B00CB4C4F /* CurrencyConverterViewModel.swift in Sources */ = {isa = PBXBuildFile; fileRef = 0A3DAC1F2BADCE4B00CB4C4F /* CurrencyConverterViewModel.swift */; };
		0A3DAC222BADD9D100CB4C4F /* ApiService.swift in Sources */ = {isa = PBXBuildFile; fileRef = 0A3DAC212BADD9D100CB4C4F /* ApiService.swift */; };
		0A3DAC262BAE322D00CB4C4F /* ConvertionHistoryView.swift in Sources */ = {isa = PBXBuildFile; fileRef = 0A3DAC252BAE322D00CB4C4F /* ConvertionHistoryView.swift */; };
		0AF9FDFF2BAF402B00B6AB41 /* Currency.swift in Sources */ = {isa = PBXBuildFile; fileRef = 0AF9FDFE2BAF402B00B6AB41 /* Currency.swift */; };
		0AF9FE012BAF441D00B6AB41 /* ConvertionHistoryViewModel.swift in Sources */ = {isa = PBXBuildFile; fileRef = 0AF9FE002BAF441D00B6AB41 /* ConvertionHistoryViewModel.swift */; };
		0AF9FE042BAF4FE700B6AB41 /* Convertion.xcdatamodeld in Sources */ = {isa = PBXBuildFile; fileRef = 0AF9FE022BAF4FE700B6AB41 /* Convertion.xcdatamodeld */; };
		0AF9FE072BAF7A0400B6AB41 /* Endpoint.swift in Sources */ = {isa = PBXBuildFile; fileRef = 0AF9FE062BAF7A0400B6AB41 /* Endpoint.swift */; };
		0AF9FE0A2BB046E400B6AB41 /* CoreDataManager.swift in Sources */ = {isa = PBXBuildFile; fileRef = 0AF9FE092BB046E400B6AB41 /* CoreDataManager.swift */; };
		0AF9FE0D2BB05D3400B6AB41 /* StringExtensions.swift in Sources */ = {isa = PBXBuildFile; fileRef = 0AF9FE0C2BB05D3400B6AB41 /* StringExtensions.swift */; };
		0AF9FE202BB06B8100B6AB41 /* CurrencyConverterTests.swift in Sources */ = {isa = PBXBuildFile; fileRef = 0AF9FE182BB06AED00B6AB41 /* CurrencyConverterTests.swift */; };
		0AF9FE232BB0827C00B6AB41 /* CurrencyPair.swift in Sources */ = {isa = PBXBuildFile; fileRef = 0AF9FE222BB0827C00B6AB41 /* CurrencyPair.swift */; };
/* End PBXBuildFile section */

/* Begin PBXContainerItemProxy section */
		0AF9FE1A2BB06AED00B6AB41 /* PBXContainerItemProxy */ = {
			isa = PBXContainerItemProxy;
			containerPortal = 0A3DAC012BADCCB400CB4C4F /* Project object */;
			proxyType = 1;
			remoteGlobalIDString = 0A3DAC082BADCCB400CB4C4F;
			remoteInfo = CurrencyConverter;
		};
/* End PBXContainerItemProxy section */

/* Begin PBXFileReference section */
		0A2ED4E02BB0C84D000F4B50 /* Consts.swift */ = {isa = PBXFileReference; lastKnownFileType = sourcecode.swift; path = Consts.swift; sourceTree = "<group>"; };
		0A3DAC092BADCCB400CB4C4F /* CurrencyConverter.app */ = {isa = PBXFileReference; explicitFileType = wrapper.application; includeInIndex = 0; path = CurrencyConverter.app; sourceTree = BUILT_PRODUCTS_DIR; };
		0A3DAC0C2BADCCB400CB4C4F /* CurrencyConverterApp.swift */ = {isa = PBXFileReference; lastKnownFileType = sourcecode.swift; path = CurrencyConverterApp.swift; sourceTree = "<group>"; };
		0A3DAC0E2BADCCB400CB4C4F /* CurrencyConverterView.swift */ = {isa = PBXFileReference; lastKnownFileType = sourcecode.swift; path = CurrencyConverterView.swift; sourceTree = "<group>"; };
		0A3DAC102BADCCB600CB4C4F /* Assets.xcassets */ = {isa = PBXFileReference; lastKnownFileType = folder.assetcatalog; path = Assets.xcassets; sourceTree = "<group>"; };
		0A3DAC132BADCCB600CB4C4F /* Preview Assets.xcassets */ = {isa = PBXFileReference; lastKnownFileType = folder.assetcatalog; path = "Preview Assets.xcassets"; sourceTree = "<group>"; };
		0A3DAC1F2BADCE4B00CB4C4F /* CurrencyConverterViewModel.swift */ = {isa = PBXFileReference; lastKnownFileType = sourcecode.swift; path = CurrencyConverterViewModel.swift; sourceTree = "<group>"; };
		0A3DAC212BADD9D100CB4C4F /* ApiService.swift */ = {isa = PBXFileReference; lastKnownFileType = sourcecode.swift; path = ApiService.swift; sourceTree = "<group>"; };
		0A3DAC252BAE322D00CB4C4F /* ConvertionHistoryView.swift */ = {isa = PBXFileReference; lastKnownFileType = sourcecode.swift; path = ConvertionHistoryView.swift; sourceTree = "<group>"; };
		0AF9FDFE2BAF402B00B6AB41 /* Currency.swift */ = {isa = PBXFileReference; lastKnownFileType = sourcecode.swift; path = Currency.swift; sourceTree = "<group>"; };
		0AF9FE002BAF441D00B6AB41 /* ConvertionHistoryViewModel.swift */ = {isa = PBXFileReference; lastKnownFileType = sourcecode.swift; path = ConvertionHistoryViewModel.swift; sourceTree = "<group>"; };
		0AF9FE032BAF4FE700B6AB41 /* Convertion.xcdatamodel */ = {isa = PBXFileReference; lastKnownFileType = wrapper.xcdatamodel; path = Convertion.xcdatamodel; sourceTree = "<group>"; };
		0AF9FE062BAF7A0400B6AB41 /* Endpoint.swift */ = {isa = PBXFileReference; lastKnownFileType = sourcecode.swift; path = Endpoint.swift; sourceTree = "<group>"; };
		0AF9FE092BB046E400B6AB41 /* CoreDataManager.swift */ = {isa = PBXFileReference; lastKnownFileType = sourcecode.swift; path = CoreDataManager.swift; sourceTree = "<group>"; };
		0AF9FE0C2BB05D3400B6AB41 /* StringExtensions.swift */ = {isa = PBXFileReference; lastKnownFileType = sourcecode.swift; path = StringExtensions.swift; sourceTree = "<group>"; };
		0AF9FE162BB06AED00B6AB41 /* CurrencyConverterTests.xctest */ = {isa = PBXFileReference; explicitFileType = wrapper.cfbundle; includeInIndex = 0; path = CurrencyConverterTests.xctest; sourceTree = BUILT_PRODUCTS_DIR; };
		0AF9FE182BB06AED00B6AB41 /* CurrencyConverterTests.swift */ = {isa = PBXFileReference; lastKnownFileType = sourcecode.swift; path = CurrencyConverterTests.swift; sourceTree = "<group>"; };
		0AF9FE222BB0827C00B6AB41 /* CurrencyPair.swift */ = {isa = PBXFileReference; lastKnownFileType = sourcecode.swift; path = CurrencyPair.swift; sourceTree = "<group>"; };
/* End PBXFileReference section */

/* Begin PBXFrameworksBuildPhase section */
		0A3DAC062BADCCB400CB4C4F /* Frameworks */ = {
			isa = PBXFrameworksBuildPhase;
			buildActionMask = 2147483647;
			files = (
			);
			runOnlyForDeploymentPostprocessing = 0;
		};
		0AF9FE132BB06AED00B6AB41 /* Frameworks */ = {
			isa = PBXFrameworksBuildPhase;
			buildActionMask = 2147483647;
			files = (
			);
			runOnlyForDeploymentPostprocessing = 0;
		};
/* End PBXFrameworksBuildPhase section */

/* Begin PBXGroup section */
		0A3DAC002BADCCB400CB4C4F = {
			isa = PBXGroup;
			children = (
				0A3DAC0B2BADCCB400CB4C4F /* CurrencyConverter */,
				0AF9FE172BB06AED00B6AB41 /* CurrencyConverterTests */,
				0A3DAC0A2BADCCB400CB4C4F /* Products */,
			);
			sourceTree = "<group>";
		};
		0A3DAC0A2BADCCB400CB4C4F /* Products */ = {
			isa = PBXGroup;
			children = (
				0A3DAC092BADCCB400CB4C4F /* CurrencyConverter.app */,
				0AF9FE162BB06AED00B6AB41 /* CurrencyConverterTests.xctest */,
			);
			name = Products;
			sourceTree = "<group>";
		};
		0A3DAC0B2BADCCB400CB4C4F /* CurrencyConverter */ = {
			isa = PBXGroup;
			children = (
				0A3DAC1C2BADCDF800CB4C4F /* Core */,
				0A3DAC1D2BADCDFD00CB4C4F /* Scenes */,
				0A3DAC122BADCCB600CB4C4F /* Preview Content */,
			);
			path = CurrencyConverter;
			sourceTree = "<group>";
		};
		0A3DAC122BADCCB600CB4C4F /* Preview Content */ = {
			isa = PBXGroup;
			children = (
				0A3DAC132BADCCB600CB4C4F /* Preview Assets.xcassets */,
			);
			path = "Preview Content";
			sourceTree = "<group>";
		};
		0A3DAC1C2BADCDF800CB4C4F /* Core */ = {
			isa = PBXGroup;
			children = (
				0A3DAC0C2BADCCB400CB4C4F /* CurrencyConverterApp.swift */,
				0AF9FE0B2BB05D0700B6AB41 /* Helpers */,
				0AF9FE082BB046D800B6AB41 /* Managers */,
				0AF9FDFD2BAF376400B6AB41 /* Models */,
				0A3DAC232BAE127500CB4C4F /* Network */,
				0AF9FE242BB0828F00B6AB41 /* Resources */,
			);
			path = Core;
			sourceTree = "<group>";
		};
		0A3DAC1D2BADCDFD00CB4C4F /* Scenes */ = {
			isa = PBXGroup;
			children = (
				0A3DAC242BAE320F00CB4C4F /* ConvertionHistory */,
				0A3DAC1E2BADCE2800CB4C4F /* CurrencyConvertion */,
			);
			path = Scenes;
			sourceTree = "<group>";
		};
		0A3DAC1E2BADCE2800CB4C4F /* CurrencyConvertion */ = {
			isa = PBXGroup;
			children = (
				0A3DAC0E2BADCCB400CB4C4F /* CurrencyConverterView.swift */,
				0A3DAC1F2BADCE4B00CB4C4F /* CurrencyConverterViewModel.swift */,
			);
			path = CurrencyConvertion;
			sourceTree = "<group>";
		};
		0A3DAC232BAE127500CB4C4F /* Network */ = {
			isa = PBXGroup;
			children = (
				0A3DAC212BADD9D100CB4C4F /* ApiService.swift */,
				0AF9FE062BAF7A0400B6AB41 /* Endpoint.swift */,
			);
			path = Network;
			sourceTree = "<group>";
		};
		0A3DAC242BAE320F00CB4C4F /* ConvertionHistory */ = {
			isa = PBXGroup;
			children = (
				0A3DAC252BAE322D00CB4C4F /* ConvertionHistoryView.swift */,
				0AF9FE002BAF441D00B6AB41 /* ConvertionHistoryViewModel.swift */,
			);
			path = ConvertionHistory;
			sourceTree = "<group>";
		};
		0AF9FDFD2BAF376400B6AB41 /* Models */ = {
			isa = PBXGroup;
			children = (
				0AF9FDFE2BAF402B00B6AB41 /* Currency.swift */,
				0AF9FE222BB0827C00B6AB41 /* CurrencyPair.swift */,
				0AF9FE022BAF4FE700B6AB41 /* Convertion.xcdatamodeld */,
			);
			path = Models;
			sourceTree = "<group>";
		};
		0AF9FE082BB046D800B6AB41 /* Managers */ = {
			isa = PBXGroup;
			children = (
				0AF9FE092BB046E400B6AB41 /* CoreDataManager.swift */,
			);
			path = Managers;
			sourceTree = "<group>";
		};
		0AF9FE0B2BB05D0700B6AB41 /* Helpers */ = {
			isa = PBXGroup;
			children = (
				0AF9FE0C2BB05D3400B6AB41 /* StringExtensions.swift */,
				0A2ED4E02BB0C84D000F4B50 /* Consts.swift */,
			);
			path = Helpers;
			sourceTree = "<group>";
		};
		0AF9FE172BB06AED00B6AB41 /* CurrencyConverterTests */ = {
			isa = PBXGroup;
			children = (
				0AF9FE182BB06AED00B6AB41 /* CurrencyConverterTests.swift */,
			);
			path = CurrencyConverterTests;
			sourceTree = "<group>";
		};
		0AF9FE242BB0828F00B6AB41 /* Resources */ = {
			isa = PBXGroup;
			children = (
				0A3DAC102BADCCB600CB4C4F /* Assets.xcassets */,
			);
			path = Resources;
			sourceTree = "<group>";
		};
/* End PBXGroup section */

/* Begin PBXNativeTarget section */
		0A3DAC082BADCCB400CB4C4F /* CurrencyConverter */ = {
			isa = PBXNativeTarget;
			buildConfigurationList = 0A3DAC172BADCCB600CB4C4F /* Build configuration list for PBXNativeTarget "CurrencyConverter" */;
			buildPhases = (
				0A3DAC052BADCCB400CB4C4F /* Sources */,
				0A3DAC062BADCCB400CB4C4F /* Frameworks */,
				0A3DAC072BADCCB400CB4C4F /* Resources */,
			);
			buildRules = (
			);
			dependencies = (
			);
			name = CurrencyConverter;
			productName = CurrencyConverter;
			productReference = 0A3DAC092BADCCB400CB4C4F /* CurrencyConverter.app */;
			productType = "com.apple.product-type.application";
		};
		0AF9FE152BB06AED00B6AB41 /* CurrencyConverterTests */ = {
			isa = PBXNativeTarget;
			buildConfigurationList = 0AF9FE1C2BB06AED00B6AB41 /* Build configuration list for PBXNativeTarget "CurrencyConverterTests" */;
			buildPhases = (
				0AF9FE122BB06AED00B6AB41 /* Sources */,
				0AF9FE132BB06AED00B6AB41 /* Frameworks */,
				0AF9FE142BB06AED00B6AB41 /* Resources */,
			);
			buildRules = (
			);
			dependencies = (
				0AF9FE1B2BB06AED00B6AB41 /* PBXTargetDependency */,
			);
			name = CurrencyConverterTests;
			productName = CurrencyConverterTests;
			productReference = 0AF9FE162BB06AED00B6AB41 /* CurrencyConverterTests.xctest */;
			productType = "com.apple.product-type.bundle.unit-test";
		};
/* End PBXNativeTarget section */

/* Begin PBXProject section */
		0A3DAC012BADCCB400CB4C4F /* Project object */ = {
			isa = PBXProject;
			attributes = {
				BuildIndependentTargetsInParallel = 1;
				LastSwiftUpdateCheck = 1500;
				LastUpgradeCheck = 1500;
				TargetAttributes = {
					0A3DAC082BADCCB400CB4C4F = {
						CreatedOnToolsVersion = 15.0;
					};
					0AF9FE152BB06AED00B6AB41 = {
						CreatedOnToolsVersion = 15.0;
						TestTargetID = 0A3DAC082BADCCB400CB4C4F;
					};
				};
			};
			buildConfigurationList = 0A3DAC042BADCCB400CB4C4F /* Build configuration list for PBXProject "CurrencyConverter" */;
			compatibilityVersion = "Xcode 14.0";
			developmentRegion = en;
			hasScannedForEncodings = 0;
			knownRegions = (
				en,
				Base,
			);
			mainGroup = 0A3DAC002BADCCB400CB4C4F;
			productRefGroup = 0A3DAC0A2BADCCB400CB4C4F /* Products */;
			projectDirPath = "";
			projectRoot = "";
			targets = (
				0A3DAC082BADCCB400CB4C4F /* CurrencyConverter */,
				0AF9FE152BB06AED00B6AB41 /* CurrencyConverterTests */,
			);
		};
/* End PBXProject section */

/* Begin PBXResourcesBuildPhase section */
		0A3DAC072BADCCB400CB4C4F /* Resources */ = {
			isa = PBXResourcesBuildPhase;
			buildActionMask = 2147483647;
			files = (
				0A3DAC142BADCCB600CB4C4F /* Preview Assets.xcassets in Resources */,
				0A3DAC112BADCCB600CB4C4F /* Assets.xcassets in Resources */,
			);
			runOnlyForDeploymentPostprocessing = 0;
		};
		0AF9FE142BB06AED00B6AB41 /* Resources */ = {
			isa = PBXResourcesBuildPhase;
			buildActionMask = 2147483647;
			files = (
			);
			runOnlyForDeploymentPostprocessing = 0;
		};
/* End PBXResourcesBuildPhase section */

/* Begin PBXSourcesBuildPhase section */
		0A3DAC052BADCCB400CB4C4F /* Sources */ = {
			isa = PBXSourcesBuildPhase;
			buildActionMask = 2147483647;
			files = (
				0AF9FE0D2BB05D3400B6AB41 /* StringExtensions.swift in Sources */,
				0AF9FE012BAF441D00B6AB41 /* ConvertionHistoryViewModel.swift in Sources */,
				0AF9FE232BB0827C00B6AB41 /* CurrencyPair.swift in Sources */,
				0AF9FE042BAF4FE700B6AB41 /* Convertion.xcdatamodeld in Sources */,
				0A3DAC202BADCE4B00CB4C4F /* CurrencyConverterViewModel.swift in Sources */,
				0A3DAC222BADD9D100CB4C4F /* ApiService.swift in Sources */,
				0AF9FE072BAF7A0400B6AB41 /* Endpoint.swift in Sources */,
				0A3DAC262BAE322D00CB4C4F /* ConvertionHistoryView.swift in Sources */,
				0A3DAC0F2BADCCB400CB4C4F /* CurrencyConverterView.swift in Sources */,
				0AF9FDFF2BAF402B00B6AB41 /* Currency.swift in Sources */,
				0A2ED4E12BB0C84D000F4B50 /* Consts.swift in Sources */,
				0A3DAC0D2BADCCB400CB4C4F /* CurrencyConverterApp.swift in Sources */,
				0AF9FE0A2BB046E400B6AB41 /* CoreDataManager.swift in Sources */,
			);
			runOnlyForDeploymentPostprocessing = 0;
		};
		0AF9FE122BB06AED00B6AB41 /* Sources */ = {
			isa = PBXSourcesBuildPhase;
			buildActionMask = 2147483647;
			files = (
				0AF9FE202BB06B8100B6AB41 /* CurrencyConverterTests.swift in Sources */,
			);
			runOnlyForDeploymentPostprocessing = 0;
		};
/* End PBXSourcesBuildPhase section */

/* Begin PBXTargetDependency section */
		0AF9FE1B2BB06AED00B6AB41 /* PBXTargetDependency */ = {
			isa = PBXTargetDependency;
			target = 0A3DAC082BADCCB400CB4C4F /* CurrencyConverter */;
			targetProxy = 0AF9FE1A2BB06AED00B6AB41 /* PBXContainerItemProxy */;
		};
/* End PBXTargetDependency section */

/* Begin XCBuildConfiguration section */
		0A3DAC152BADCCB600CB4C4F /* Debug */ = {
			isa = XCBuildConfiguration;
			buildSettings = {
				ALWAYS_SEARCH_USER_PATHS = NO;
				ASSETCATALOG_COMPILER_GENERATE_SWIFT_ASSET_SYMBOL_EXTENSIONS = YES;
				CLANG_ANALYZER_NONNULL = YES;
				CLANG_ANALYZER_NUMBER_OBJECT_CONVERSION = YES_AGGRESSIVE;
				CLANG_CXX_LANGUAGE_STANDARD = "gnu++20";
				CLANG_ENABLE_MODULES = YES;
				CLANG_ENABLE_OBJC_ARC = YES;
				CLANG_ENABLE_OBJC_WEAK = YES;
				CLANG_WARN_BLOCK_CAPTURE_AUTORELEASING = YES;
				CLANG_WARN_BOOL_CONVERSION = YES;
				CLANG_WARN_COMMA = YES;
				CLANG_WARN_CONSTANT_CONVERSION = YES;
				CLANG_WARN_DEPRECATED_OBJC_IMPLEMENTATIONS = YES;
				CLANG_WARN_DIRECT_OBJC_ISA_USAGE = YES_ERROR;
				CLANG_WARN_DOCUMENTATION_COMMENTS = YES;
				CLANG_WARN_EMPTY_BODY = YES;
				CLANG_WARN_ENUM_CONVERSION = YES;
				CLANG_WARN_INFINITE_RECURSION = YES;
				CLANG_WARN_INT_CONVERSION = YES;
				CLANG_WARN_NON_LITERAL_NULL_CONVERSION = YES;
				CLANG_WARN_OBJC_IMPLICIT_RETAIN_SELF = YES;
				CLANG_WARN_OBJC_LITERAL_CONVERSION = YES;
				CLANG_WARN_OBJC_ROOT_CLASS = YES_ERROR;
				CLANG_WARN_QUOTED_INCLUDE_IN_FRAMEWORK_HEADER = YES;
				CLANG_WARN_RANGE_LOOP_ANALYSIS = YES;
				CLANG_WARN_STRICT_PROTOTYPES = YES;
				CLANG_WARN_SUSPICIOUS_MOVE = YES;
				CLANG_WARN_UNGUARDED_AVAILABILITY = YES_AGGRESSIVE;
				CLANG_WARN_UNREACHABLE_CODE = YES;
				CLANG_WARN__DUPLICATE_METHOD_MATCH = YES;
				COPY_PHASE_STRIP = NO;
				DEBUG_INFORMATION_FORMAT = dwarf;
				ENABLE_STRICT_OBJC_MSGSEND = YES;
				ENABLE_TESTABILITY = YES;
				ENABLE_USER_SCRIPT_SANDBOXING = YES;
				GCC_C_LANGUAGE_STANDARD = gnu17;
				GCC_DYNAMIC_NO_PIC = NO;
				GCC_NO_COMMON_BLOCKS = YES;
				GCC_OPTIMIZATION_LEVEL = 0;
				GCC_PREPROCESSOR_DEFINITIONS = (
					"DEBUG=1",
					"$(inherited)",
				);
				GCC_WARN_64_TO_32_BIT_CONVERSION = YES;
				GCC_WARN_ABOUT_RETURN_TYPE = YES_ERROR;
				GCC_WARN_UNDECLARED_SELECTOR = YES;
				GCC_WARN_UNINITIALIZED_AUTOS = YES_AGGRESSIVE;
				GCC_WARN_UNUSED_FUNCTION = YES;
				GCC_WARN_UNUSED_VARIABLE = YES;
				IPHONEOS_DEPLOYMENT_TARGET = 17.0;
				LOCALIZATION_PREFERS_STRING_CATALOGS = YES;
				MTL_ENABLE_DEBUG_INFO = INCLUDE_SOURCE;
				MTL_FAST_MATH = YES;
				ONLY_ACTIVE_ARCH = YES;
				SDKROOT = iphoneos;
				SWIFT_ACTIVE_COMPILATION_CONDITIONS = "DEBUG $(inherited)";
				SWIFT_OPTIMIZATION_LEVEL = "-Onone";
			};
			name = Debug;
		};
		0A3DAC162BADCCB600CB4C4F /* Release */ = {
			isa = XCBuildConfiguration;
			buildSettings = {
				ALWAYS_SEARCH_USER_PATHS = NO;
				ASSETCATALOG_COMPILER_GENERATE_SWIFT_ASSET_SYMBOL_EXTENSIONS = YES;
				CLANG_ANALYZER_NONNULL = YES;
				CLANG_ANALYZER_NUMBER_OBJECT_CONVERSION = YES_AGGRESSIVE;
				CLANG_CXX_LANGUAGE_STANDARD = "gnu++20";
				CLANG_ENABLE_MODULES = YES;
				CLANG_ENABLE_OBJC_ARC = YES;
				CLANG_ENABLE_OBJC_WEAK = YES;
				CLANG_WARN_BLOCK_CAPTURE_AUTORELEASING = YES;
				CLANG_WARN_BOOL_CONVERSION = YES;
				CLANG_WARN_COMMA = YES;
				CLANG_WARN_CONSTANT_CONVERSION = YES;
				CLANG_WARN_DEPRECATED_OBJC_IMPLEMENTATIONS = YES;
				CLANG_WARN_DIRECT_OBJC_ISA_USAGE = YES_ERROR;
				CLANG_WARN_DOCUMENTATION_COMMENTS = YES;
				CLANG_WARN_EMPTY_BODY = YES;
				CLANG_WARN_ENUM_CONVERSION = YES;
				CLANG_WARN_INFINITE_RECURSION = YES;
				CLANG_WARN_INT_CONVERSION = YES;
				CLANG_WARN_NON_LITERAL_NULL_CONVERSION = YES;
				CLANG_WARN_OBJC_IMPLICIT_RETAIN_SELF = YES;
				CLANG_WARN_OBJC_LITERAL_CONVERSION = YES;
				CLANG_WARN_OBJC_ROOT_CLASS = YES_ERROR;
				CLANG_WARN_QUOTED_INCLUDE_IN_FRAMEWORK_HEADER = YES;
				CLANG_WARN_RANGE_LOOP_ANALYSIS = YES;
				CLANG_WARN_STRICT_PROTOTYPES = YES;
				CLANG_WARN_SUSPICIOUS_MOVE = YES;
				CLANG_WARN_UNGUARDED_AVAILABILITY = YES_AGGRESSIVE;
				CLANG_WARN_UNREACHABLE_CODE = YES;
				CLANG_WARN__DUPLICATE_METHOD_MATCH = YES;
				COPY_PHASE_STRIP = NO;
				DEBUG_INFORMATION_FORMAT = "dwarf-with-dsym";
				ENABLE_NS_ASSERTIONS = NO;
				ENABLE_STRICT_OBJC_MSGSEND = YES;
				ENABLE_USER_SCRIPT_SANDBOXING = YES;
				GCC_C_LANGUAGE_STANDARD = gnu17;
				GCC_NO_COMMON_BLOCKS = YES;
				GCC_WARN_64_TO_32_BIT_CONVERSION = YES;
				GCC_WARN_ABOUT_RETURN_TYPE = YES_ERROR;
				GCC_WARN_UNDECLARED_SELECTOR = YES;
				GCC_WARN_UNINITIALIZED_AUTOS = YES_AGGRESSIVE;
				GCC_WARN_UNUSED_FUNCTION = YES;
				GCC_WARN_UNUSED_VARIABLE = YES;
				IPHONEOS_DEPLOYMENT_TARGET = 17.0;
				LOCALIZATION_PREFERS_STRING_CATALOGS = YES;
				MTL_ENABLE_DEBUG_INFO = NO;
				MTL_FAST_MATH = YES;
				SDKROOT = iphoneos;
				SWIFT_COMPILATION_MODE = wholemodule;
				VALIDATE_PRODUCT = YES;
			};
			name = Release;
		};
		0A3DAC182BADCCB600CB4C4F /* Debug */ = {
			isa = XCBuildConfiguration;
			buildSettings = {
				ASSETCATALOG_COMPILER_APPICON_NAME = AppIcon;
				ASSETCATALOG_COMPILER_GLOBAL_ACCENT_COLOR_NAME = AccentColor;
				CODE_SIGN_STYLE = Automatic;
				CURRENT_PROJECT_VERSION = 1;
				DEVELOPMENT_ASSET_PATHS = "\"CurrencyConverter/Preview Content\"";
				DEVELOPMENT_TEAM = Y7SMMARV77;
				ENABLE_PREVIEWS = YES;
				GENERATE_INFOPLIST_FILE = YES;
				INFOPLIST_KEY_UIApplicationSceneManifest_Generation = YES;
				INFOPLIST_KEY_UIApplicationSupportsIndirectInputEvents = YES;
				INFOPLIST_KEY_UILaunchScreen_Generation = YES;
				INFOPLIST_KEY_UISupportedInterfaceOrientations = UIInterfaceOrientationPortrait;
				INFOPLIST_KEY_UISupportedInterfaceOrientations_iPad = "UIInterfaceOrientationPortrait UIInterfaceOrientationPortraitUpsideDown";
				IPHONEOS_DEPLOYMENT_TARGET = 17.0;
				LD_RUNPATH_SEARCH_PATHS = (
					"$(inherited)",
					"@executable_path/Frameworks",
				);
				MARKETING_VERSION = 1.0;
				PRODUCT_BUNDLE_IDENTIFIER = my.CurrencyConverter;
				PRODUCT_NAME = "$(TARGET_NAME)";
				SUPPORTED_PLATFORMS = "iphoneos iphonesimulator";
				SUPPORTS_MACCATALYST = NO;
				SUPPORTS_MAC_DESIGNED_FOR_IPHONE_IPAD = YES;
				SWIFT_EMIT_LOC_STRINGS = YES;
				SWIFT_VERSION = 5.0;
				TARGETED_DEVICE_FAMILY = "1,2";
			};
			name = Debug;
		};
		0A3DAC192BADCCB600CB4C4F /* Release */ = {
			isa = XCBuildConfiguration;
			buildSettings = {
				ASSETCATALOG_COMPILER_APPICON_NAME = AppIcon;
				ASSETCATALOG_COMPILER_GLOBAL_ACCENT_COLOR_NAME = AccentColor;
				CODE_SIGN_STYLE = Automatic;
				CURRENT_PROJECT_VERSION = 1;
				DEVELOPMENT_ASSET_PATHS = "\"CurrencyConverter/Preview Content\"";
				DEVELOPMENT_TEAM = Y7SMMARV77;
				ENABLE_PREVIEWS = YES;
				GENERATE_INFOPLIST_FILE = YES;
				INFOPLIST_KEY_UIApplicationSceneManifest_Generation = YES;
				INFOPLIST_KEY_UIApplicationSupportsIndirectInputEvents = YES;
				INFOPLIST_KEY_UILaunchScreen_Generation = YES;
				INFOPLIST_KEY_UISupportedInterfaceOrientations = UIInterfaceOrientationPortrait;
				INFOPLIST_KEY_UISupportedInterfaceOrientations_iPad = "UIInterfaceOrientationPortrait UIInterfaceOrientationPortraitUpsideDown";
				IPHONEOS_DEPLOYMENT_TARGET = 17.0;
				LD_RUNPATH_SEARCH_PATHS = (
					"$(inherited)",
					"@executable_path/Frameworks",
				);
				MARKETING_VERSION = 1.0;
				PRODUCT_BUNDLE_IDENTIFIER = my.CurrencyConverter;
				PRODUCT_NAME = "$(TARGET_NAME)";
				SUPPORTED_PLATFORMS = "iphoneos iphonesimulator";
				SUPPORTS_MACCATALYST = NO;
				SUPPORTS_MAC_DESIGNED_FOR_IPHONE_IPAD = YES;
				SWIFT_EMIT_LOC_STRINGS = YES;
				SWIFT_VERSION = 5.0;
				TARGETED_DEVICE_FAMILY = "1,2";
			};
			name = Release;
		};
		0AF9FE1D2BB06AED00B6AB41 /* Debug */ = {
			isa = XCBuildConfiguration;
			buildSettings = {
				BUNDLE_LOADER = "$(TEST_HOST)";
				CODE_SIGN_STYLE = Automatic;
				CURRENT_PROJECT_VERSION = 1;
				DEVELOPMENT_TEAM = Y7SMMARV77;
				GENERATE_INFOPLIST_FILE = YES;
				MARKETING_VERSION = 1.0;
				PRODUCT_BUNDLE_IDENTIFIER = my.CurrencyConverterTests;
				PRODUCT_NAME = "$(TARGET_NAME)";
				SWIFT_EMIT_LOC_STRINGS = NO;
				SWIFT_VERSION = 5.0;
				TARGETED_DEVICE_FAMILY = "1,2";
				TEST_HOST = "$(BUILT_PRODUCTS_DIR)/CurrencyConverter.app/$(BUNDLE_EXECUTABLE_FOLDER_PATH)/CurrencyConverter";
			};
			name = Debug;
		};
		0AF9FE1E2BB06AED00B6AB41 /* Release */ = {
			isa = XCBuildConfiguration;
			buildSettings = {
				BUNDLE_LOADER = "$(TEST_HOST)";
				CODE_SIGN_STYLE = Automatic;
				CURRENT_PROJECT_VERSION = 1;
				DEVELOPMENT_TEAM = Y7SMMARV77;
				GENERATE_INFOPLIST_FILE = YES;
				MARKETING_VERSION = 1.0;
				PRODUCT_BUNDLE_IDENTIFIER = my.CurrencyConverterTests;
				PRODUCT_NAME = "$(TARGET_NAME)";
				SWIFT_EMIT_LOC_STRINGS = NO;
				SWIFT_VERSION = 5.0;
				TARGETED_DEVICE_FAMILY = "1,2";
				TEST_HOST = "$(BUILT_PRODUCTS_DIR)/CurrencyConverter.app/$(BUNDLE_EXECUTABLE_FOLDER_PATH)/CurrencyConverter";
			};
			name = Release;
		};
/* End XCBuildConfiguration section */

/* Begin XCConfigurationList section */
		0A3DAC042BADCCB400CB4C4F /* Build configuration list for PBXProject "CurrencyConverter" */ = {
			isa = XCConfigurationList;
			buildConfigurations = (
				0A3DAC152BADCCB600CB4C4F /* Debug */,
				0A3DAC162BADCCB600CB4C4F /* Release */,
			);
			defaultConfigurationIsVisible = 0;
			defaultConfigurationName = Release;
		};
		0A3DAC172BADCCB600CB4C4F /* Build configuration list for PBXNativeTarget "CurrencyConverter" */ = {
			isa = XCConfigurationList;
			buildConfigurations = (
				0A3DAC182BADCCB600CB4C4F /* Debug */,
				0A3DAC192BADCCB600CB4C4F /* Release */,
			);
			defaultConfigurationIsVisible = 0;
			defaultConfigurationName = Release;
		};
		0AF9FE1C2BB06AED00B6AB41 /* Build configuration list for PBXNativeTarget "CurrencyConverterTests" */ = {
			isa = XCConfigurationList;
			buildConfigurations = (
				0AF9FE1D2BB06AED00B6AB41 /* Debug */,
				0AF9FE1E2BB06AED00B6AB41 /* Release */,
			);
			defaultConfigurationIsVisible = 0;
			defaultConfigurationName = Release;
		};
/* End XCConfigurationList section */

/* Begin XCVersionGroup section */
		0AF9FE022BAF4FE700B6AB41 /* Convertion.xcdatamodeld */ = {
			isa = XCVersionGroup;
			children = (
				0AF9FE032BAF4FE700B6AB41 /* Convertion.xcdatamodel */,
			);
			currentVersion = 0AF9FE032BAF4FE700B6AB41 /* Convertion.xcdatamodel */;
			path = Convertion.xcdatamodeld;
			sourceTree = "<group>";
			versionGroupType = wrapper.xcdatamodel;
		};
/* End XCVersionGroup section */
	};
	rootObject = 0A3DAC012BADCCB400CB4C4F /* Project object */;
}
